
Microsoft Visual Studio Solution File, Format Version 12.00
# Visual Studio Version 17
VisualStudioVersion = 17.0.31710.8
MinimumVisualStudioVersion = 10.0.40219.1
Project("{9A19103F-16F7-4668-BE54-9A1E7A4F7556}") = "ExemploEnvioEmailHtmlComImagemCSharp", "ExemploEnvioEmailHtmlComImagemCSharp\ExemploEnvioEmailHtmlComImagemCSharp.csproj", "{D3BF5E28-F40E-4364-A2F2-CAA25FE90BE5}"
EndProject
Global
	GlobalSection(SolutionConfigurationPlatforms) = preSolution
		Debug|Any CPU = Debug|Any CPU
		Release|Any CPU = Release|Any CPU
	EndGlobalSection
	GlobalSection(ProjectConfigurationPlatforms) = postSolution
		{D3BF5E28-F40E-4364-A2F2-CAA25FE90BE5}.Debug|Any CPU.ActiveCfg = Debug|Any CPU
		{D3BF5E28-F40E-4364-A2F2-CAA25FE90BE5}.Debug|Any CPU.Build.0 = Debug|Any CPU
		{D3BF5E28-F40E-4364-A2F2-CAA25FE90BE5}.Release|Any CPU.ActiveCfg = Release|Any CPU
		{D3BF5E28-F40E-4364-A2F2-CAA25FE90BE5}.Release|Any CPU.Build.0 = Release|Any CPU
	EndGlobalSection
	GlobalSection(SolutionProperties) = preSolution
		HideSolutionNode = FALSE
	EndGlobalSection
	GlobalSection(ExtensibilityGlobals) = postSolution
		SolutionGuid = {BE6C36FE-C1A9-4579-8127-60826E7835AB}
	EndGlobalSection
EndGlobal
